
Microsoft Visual Studio Solution File, Format Version 12.00
# Visual Studio Version 16
VisualStudioVersion = 16.0.30114.105
MinimumVisualStudioVersion = 10.0.40219.1
Project("{FAE04EC0-301F-11D3-BF4B-00C04F79EFBC}") = "BotBikeReputationTelegram", "BotBikeReputationTelegram.csproj", "{33EB0027-F95C-4948-A0FB-5B08D13DCA0D}"
EndProject
Global
	GlobalSection(SolutionConfigurationPlatforms) = preSolution
		Debug|Any CPU = Debug|Any CPU
		Release|Any CPU = Release|Any CPU
	EndGlobalSection
	GlobalSection(ProjectConfigurationPlatforms) = postSolution
		{33EB0027-F95C-4948-A0FB-5B08D13DCA0D}.Debug|Any CPU.ActiveCfg = Debug|Any CPU
		{33EB0027-F95C-4948-A0FB-5B08D13DCA0D}.Debug|Any CPU.Build.0 = Debug|Any CPU
		{33EB0027-F95C-4948-A0FB-5B08D13DCA0D}.Release|Any CPU.ActiveCfg = Release|Any CPU
		{33EB0027-F95C-4948-A0FB-5B08D13DCA0D}.Release|Any CPU.Build.0 = Release|Any CPU
	EndGlobalSection
	GlobalSection(SolutionProperties) = preSolution
		HideSolutionNode = FALSE
	EndGlobalSection
	GlobalSection(ExtensibilityGlobals) = postSolution
		SolutionGuid = {3F1DC4B1-E6A1-42FF-B376-F44A419B2C11}
	EndGlobalSection
EndGlobal
